{
  "name": "portfolio_api",
  "version": "1.0.0",
  "lockfileVersion": 3,
  "requires": true,
  "packages": {
    "": {
      "name": "portfolio_api",
      "version": "1.0.0",
      "license": "ISC",
      "dependencies": {
        "string-to-binary": "^0.1.2"
      }
    },
    "node_modules/string-to-binary": {
      "version": "0.1.2",
      "resolved": "https://registry.npmjs.org/string-to-binary/-/string-to-binary-0.1.2.tgz",
      "integrity": "sha512-oig8RXEm16bLn3yKFZN7WIbeCXDGRvyC7ZgCDBXuvTO9i+BU4N3WSPDpn6rkWP0dqR/qKuW4jI6PdA2Nrf5tAA=="
    }
  }
}
